
Microsoft Visual Studio Solution File, Format Version 12.00
# Visual Studio Version 17
VisualStudioVersion = 17.10.35013.160
MinimumVisualStudioVersion = 10.0.40219.1
Project("{FAE04EC0-301F-11D3-BF4B-00C04F79EFBC}") = "BankAccounts", "BankAccounts\BankAccounts.csproj", "{FD7C904E-E065-4556-9D3B-899504D80A2A}"
EndProject
Global
	GlobalSection(SolutionConfigurationPlatforms) = preSolution
		Debug|Any CPU = Debug|Any CPU
		Release|Any CPU = Release|Any CPU
	EndGlobalSection
	GlobalSection(ProjectConfigurationPlatforms) = postSolution
		{FD7C904E-E065-4556-9D3B-899504D80A2A}.Debug|Any CPU.ActiveCfg = Debug|Any CPU
		{FD7C904E-E065-4556-9D3B-899504D80A2A}.Debug|Any CPU.Build.0 = Debug|Any CPU
		{FD7C904E-E065-4556-9D3B-899504D80A2A}.Release|Any CPU.ActiveCfg = Release|Any CPU
		{FD7C904E-E065-4556-9D3B-899504D80A2A}.Release|Any CPU.Build.0 = Release|Any CPU
	EndGlobalSection
	GlobalSection(SolutionProperties) = preSolution
		HideSolutionNode = FALSE
	EndGlobalSection
	GlobalSection(ExtensibilityGlobals) = postSolution
		SolutionGuid = {C32DA12A-E37C-410E-82E8-7A0CE1B6A85D}
	EndGlobalSection
EndGlobal
